<?xml version="1.0" encoding="utf-8"?>
<Project ToolsVersion="4.0" xmlns="http://schemas.microsoft.com/developer/msbuild/2003">
  <ItemGroup>
    <Filter Include="Source Files">
      <UniqueIdentifier>{4FC737F1-C7A5-4376-A066-2A32D752A2FF}</UniqueIdentifier>
      <Extensions>cpp;c;cc;cxx;def;odl;idl;hpj;bat;asm;asmx</Extensions>
    </Filter>
    <Filter Include="Header Files">
      <UniqueIdentifier>{93995380-89BD-4b04-88EB-625FBE52EBFB}</UniqueIdentifier>
      <Extensions>h;hh;hpp;hxx;hm;inl;inc;ipp;xsd</Extensions>
    </Filter>
    <Filter Include="Resource Files">
      <UniqueIdentifier>{67DA6AB6-F800-4c08-8B7A-83BB121AAD01}</UniqueIdentifier>
      <Extensions>rc;ico;cur;bmp;dlg;rc2;rct;bin;rgs;gif;jpg;jpeg;jpe;resx;tiff;tif;png;wav;mfcribbon-ms</Extensions>
    </Filter>
    <Filter Include="Common">
      <UniqueIdentifier>{676987e2-ed9b-4d06-8de7-85e675756646}</UniqueIdentifier>
    </Filter>
    <Filter Include="Common\Header Files">
      <UniqueIdentifier>{f7b60fae-7cac-41ea-b132-63b75f6cff10}</UniqueIdentifier>
    </Filter>
    <Filter Include="Common\Source Files">
      <UniqueIdentifier>{95047e0d-4f78-4a1d-886b-bec0ff726878}</UniqueIdentifier>
    </Filter>
    <Filter Include="XUSG">
      <UniqueIdentifier>{628b6e87-bf48-47ec-94c0-736e03d30b61}</UniqueIdentifier>
    </Filter>
    <Filter Include="Shaders">
      <UniqueIdentifier>{c6cbf730-3a04-4e8f-9fa2-94d7d2145f9b}</UniqueIdentifier>
    </Filter>
    <Filter Include="XUSG\Core">
      <UniqueIdentifier>{93b2fd6a-d8de-4bdf-8acb-1cb7bf5288de}</UniqueIdentifier>
    </Filter>
    <Filter Include="XUSG\Advanced">
      <UniqueIdentifier>{b41a6e61-743f-423b-9582-d5c89d629022}</UniqueIdentifier>
    </Filter>
  </ItemGroup>
  <ItemGroup>
    <ClInclude Include="Common\d3dx12.h">
      <Filter>Common\Header Files</Filter>
    </ClInclude>
    <ClInclude Include="Common\DXFramework.h">
      <Filter>Common\Header Files</Filter>
    </ClInclude>
    <ClInclude Include="Common\DXFrameworkHelper.h">
      <Filter>Common\Header Files</Filter>
    </ClInclude>
    <ClInclude Include="Common\StepTimer.h">
      <Filter>Common\Header Files</Filter>
    </ClInclude>
    <ClInclude Include="Common\Win32Application.h">
      <Filter>Common\Header Files</Filter>
    </ClInclude>
    <ClInclude Include="stdafx.h">
      <Filter>Header Files</Filter>
    </ClInclude>
    <ClInclude Include="NonuniformBlur.h">
      <Filter>Header Files</Filter>
    </ClInclude>
    <ClInclude Include="Content\Filter.h">
      <Filter>Header Files</Filter>
    </ClInclude>
    <ClInclude Include="Common\dds.h">
      <Filter>Common\Header Files</Filter>
    </ClInclude>
    <ClInclude Include="XUSG\Advanced\XUSGDDSLoader.h">
      <Filter>XUSG\Advanced</Filter>
    </ClInclude>
  </ItemGroup>
  <ItemGroup>
    <ClCompile Include="Common\DXFramework.cpp">
      <Filter>Common\Source Files</Filter>
    </ClCompile>
    <ClCompile Include="Common\Win32Application.cpp">
      <Filter>Common\Source Files</Filter>
    </ClCompile>
    <ClCompile Include="stdafx.cpp">
      <Filter>Source Files</Filter>
    </ClCompile>
    <ClCompile Include="Main.cpp">
      <Filter>Source Files</Filter>
    </ClCompile>
    <ClCompile Include="NonuniformBlur.cpp">
      <Filter>Source Files</Filter>
    </ClCompile>
    <ClCompile Include="Content\Filter.cpp">
      <Filter>Source Files</Filter>
    </ClCompile>
  </ItemGroup>
  <ItemGroup>
    <None Include="Content\Shaders\MipGaussian.hlsli">
      <Filter>Shaders</Filter>
    </None>
    <None Include="Content\Shaders\D3DX_DXGIFormatConvert.inl">
      <Filter>Shaders</Filter>
    </None>
    <None Include="Content\Shaders\Resample.hlsli">
      <Filter>Shaders</Filter>
    </None>
  </ItemGroup>
  <ItemGroup>
    <FxCompile Include="Content\Shaders\CSResample.hlsl">
      <Filter>Shaders</Filter>
    </FxCompile>
    <FxCompile Include="Content\Shaders\PSUpSample.hlsl">
      <Filter>Shaders</Filter>
    </FxCompile>
    <FxCompile Include="Content\Shaders\VSScreenQuad.hlsl">
      <Filter>Shaders</Filter>
    </FxCompile>
    <FxCompile Include="Content\Shaders\CSUpSample.hlsl">
      <Filter>Shaders</Filter>
    </FxCompile>
    <FxCompile Include="Content\Shaders\PSResample.hlsl">
      <Filter>Shaders</Filter>
    </FxCompile>
    <FxCompile Include="Content\Shaders\PSFinal.hlsl">
      <Filter>Shaders</Filter>
    </FxCompile>
    <FxCompile Include="Content\Shaders\CSFinal.hlsl">
      <Filter>Shaders</Filter>
    </FxCompile>
    <FxCompile Include="Content\Shaders\CSUpSampleU.hlsl">
      <Filter>Shaders</Filter>
    </FxCompile>
  </ItemGroup>
</Project>